
Microsoft Visual Studio Solution File, Format Version 12.00
Project("{FAE04EC0-301F-11D3-BF4B-00C04F79EFBC}") = "Redis.Server", "Redis.Server\Redis.Server.csproj", "{0A2A542D-78A8-4931-9AE4-92AD1C38C1E6}"
EndProject
Project("{FAE04EC0-301F-11D3-BF4B-00C04F79EFBC}") = "Redis.CLI", "Redis.CLI\Redis.CLI.csproj", "{7D4B2928-7EBE-4AFB-81F9-A91568B17791}"
EndProject
Global
	GlobalSection(SolutionConfigurationPlatforms) = preSolution
		Debug|Any CPU = Debug|Any CPU
		Release|Any CPU = Release|Any CPU
	EndGlobalSection
	GlobalSection(ProjectConfigurationPlatforms) = postSolution
		{0A2A542D-78A8-4931-9AE4-92AD1C38C1E6}.Debug|Any CPU.ActiveCfg = Debug|Any CPU
		{0A2A542D-78A8-4931-9AE4-92AD1C38C1E6}.Debug|Any CPU.Build.0 = Debug|Any CPU
		{0A2A542D-78A8-4931-9AE4-92AD1C38C1E6}.Release|Any CPU.ActiveCfg = Release|Any CPU
		{0A2A542D-78A8-4931-9AE4-92AD1C38C1E6}.Release|Any CPU.Build.0 = Release|Any CPU
		{7D4B2928-7EBE-4AFB-81F9-A91568B17791}.Debug|Any CPU.ActiveCfg = Debug|Any CPU
		{7D4B2928-7EBE-4AFB-81F9-A91568B17791}.Debug|Any CPU.Build.0 = Debug|Any CPU
		{7D4B2928-7EBE-4AFB-81F9-A91568B17791}.Release|Any CPU.ActiveCfg = Release|Any CPU
		{7D4B2928-7EBE-4AFB-81F9-A91568B17791}.Release|Any CPU.Build.0 = Release|Any CPU
	EndGlobalSection
EndGlobal
